github.com/tapvanvn/gorouter/v2 v2.0.9-build.11 h1:Tqq4rBIDJkal+OaPmPp45CjWi5G51XYSdPoRfzfWGwU=
github.com/tapvanvn/gorouter/v2 v2.0.9-build.11/go.mod h1:GXE74ppSZkx7XE+MT9a1Q0qyc+5GOjkBhY0/eevC5Jo=
github.com/tapvanvn/gorouter/v2 v2.0.9-build.12 h1:I0w00R+VVvryoCnAiAVw1m6c9Ic4NYUqv8j2mFrj9S0=
github.com/tapvanvn/gorouter/v2 v2.0.9-build.12/go.mod h1:GXE74ppSZkx7XE+MT9a1Q0qyc+5GOjkBhY0/eevC5Jo=
